Microsoft Visual Studio Solution File, Format Version 12.00
# Visual Studio 2012
Project("{FAE04EC0-301F-11D3-BF4B-00C04F79EFBC}") = "scene_node_path", "scene_node_path.csproj", "{21D12B2D-280E-4C2D-8CEB-D6A332FD8FDC}"
EndProject
Global
	GlobalSection(SolutionConfigurationPlatforms) = preSolution
	Debug|Any CPU = Debug|Any CPU
	ExportDebug|Any CPU = ExportDebug|Any CPU
	ExportRelease|Any CPU = ExportRelease|Any CPU
	EndGlobalSection
	GlobalSection(ProjectConfigurationPlatforms) = postSolution
		{21D12B2D-280E-4C2D-8CEB-D6A332FD8FDC}.Debug|Any CPU.ActiveCfg = Debug|Any CPU
		{21D12B2D-280E-4C2D-8CEB-D6A332FD8FDC}.Debug|Any CPU.Build.0 = Debug|Any CPU
		{21D12B2D-280E-4C2D-8CEB-D6A332FD8FDC}.ExportDebug|Any CPU.ActiveCfg = ExportDebug|Any CPU
		{21D12B2D-280E-4C2D-8CEB-D6A332FD8FDC}.ExportDebug|Any CPU.Build.0 = ExportDebug|Any CPU
		{21D12B2D-280E-4C2D-8CEB-D6A332FD8FDC}.ExportRelease|Any CPU.ActiveCfg = ExportRelease|Any CPU
		{21D12B2D-280E-4C2D-8CEB-D6A332FD8FDC}.ExportRelease|Any CPU.Build.0 = ExportRelease|Any CPU
	EndGlobalSection
EndGlobal
